// !$*UTF8*$!
{
	archiveVersion = 1;
	classes = {
	};
	objectVersion = 56;
	objects = {

/* Begin PBXBuildFile section */
		D9A25EA229F01B090069A722 /* SwiftUILearningApp.swift in Sources */ = {isa = PBXBuildFile; fileRef = D9A25EA129F01B090069A722 /* SwiftUILearningApp.swift */; };
		D9A25EA429F01B090069A722 /* ContentView.swift in Sources */ = {isa = PBXBuildFile; fileRef = D9A25EA329F01B090069A722 /* ContentView.swift */; };
		D9A25EA629F01B0A0069A722 /* Assets.xcassets in Resources */ = {isa = PBXBuildFile; fileRef = D9A25EA529F01B0A0069A722 /* Assets.xcassets */; };
		D9A25EAA29F01B0A0069A722 /* Preview Assets.xcassets in Resources */ = {isa = PBXBuildFile; fileRef = D9A25EA929F01B0A0069A722 /* Preview Assets.xcassets */; };
		D9A25EB429F01B0A0069A722 /* SwiftUILearningTests.swift in Sources */ = {isa = PBXBuildFile; fileRef = D9A25EB329F01B0A0069A722 /* SwiftUILearningTests.swift */; };
		D9A25EBE29F01B0A0069A722 /* SwiftUILearningUITests.swift in Sources */ = {isa = PBXBuildFile; fileRef = D9A25EBD29F01B0A0069A722 /* SwiftUILearningUITests.swift */; };
		D9A25EC029F01B0A0069A722 /* SwiftUILearningUITestsLaunchTests.swift in Sources */ = {isa = PBXBuildFile; fileRef = D9A25EBF29F01B0A0069A722 /* SwiftUILearningUITestsLaunchTests.swift */; };
/* End PBXBuildFile section */

/* Begin PBXContainerItemProxy section */
		D9A25EB029F01B0A0069A722 /* PBXContainerItemProxy */ = {
			isa = PBXContainerItemProxy;
			containerPortal = D9A25E9629F01B090069A722 /* Project object */;
			proxyType = 1;
			remoteGlobalIDString = D9A25E9D29F01B090069A722;
			remoteInfo = SwiftUILearning;
		};
		D9A25EBA29F01B0A0069A722 /* PBXContainerItemProxy */ = {
			isa = PBXContainerItemProxy;
			containerPortal = D9A25E9629F01B090069A722 /* Project object */;
			proxyType = 1;
			remoteGlobalIDString = D9A25E9D29F01B090069A722;
			remoteInfo = SwiftUILearning;
		};
/* End PBXContainerItemProxy section */

/* Begin PBXFileReference section */
		D9A25E9E29F01B090069A722 /* SwiftUILearning.app */ = {isa = PBXFileReference; explicitFileType = wrapper.application; includeInIndex = 0; path = SwiftUILearning.app; sourceTree = BUILT_PRODUCTS_DIR; };
		D9A25EA129F01B090069A722 /* SwiftUILearningApp.swift */ = {isa = PBXFileReference; lastKnownFileType = sourcecode.swift; path = SwiftUILearningApp.swift; sourceTree = "<group>"; };
		D9A25EA329F01B090069A722 /* ContentView.swift */ = {isa = PBXFileReference; lastKnownFileType = sourcecode.swift; path = ContentView.swift; sourceTree = "<group>"; };
		D9A25EA529F01B0A0069A722 /* Assets.xcassets */ = {isa = PBXFileReference; lastKnownFileType = folder.assetcatalog; path = Assets.xcassets; sourceTree = "<group>"; };
		D9A25EA729F01B0A0069A722 /* SwiftUILearning.entitlements */ = {isa = PBXFileReference; lastKnownFileType = text.plist.entitlements; path = SwiftUILearning.entitlements; sourceTree = "<group>"; };
		D9A25EA929F01B0A0069A722 /* Preview Assets.xcassets */ = {isa = PBXFileReference; lastKnownFileType = folder.assetcatalog; path = "Preview Assets.xcassets"; sourceTree = "<group>"; };
		D9A25EAF29F01B0A0069A722 /* SwiftUILearningTests.xctest */ = {isa = PBXFileReference; explicitFileType = wrapper.cfbundle; includeInIndex = 0; path = SwiftUILearningTests.xctest; sourceTree = BUILT_PRODUCTS_DIR; };
		D9A25EB329F01B0A0069A722 /* SwiftUILearningTests.swift */ = {isa = PBXFileReference; lastKnownFileType = sourcecode.swift; path = SwiftUILearningTests.swift; sourceTree = "<group>"; };
		D9A25EB929F01B0A0069A722 /* SwiftUILearningUITests.xctest */ = {isa = PBXFileReference; explicitFileType = wrapper.cfbundle; includeInIndex = 0; path = SwiftUILearningUITests.xctest; sourceTree = BUILT_PRODUCTS_DIR; };
		D9A25EBD29F01B0A0069A722 /* SwiftUILearningUITests.swift */ = {isa = PBXFileReference; lastKnownFileType = sourcecode.swift; path = SwiftUILearningUITests.swift; sourceTree = "<group>"; };
		D9A25EBF29F01B0A0069A722 /* SwiftUILearningUITestsLaunchTests.swift */ = {isa = PBXFileReference; lastKnownFileType = sourcecode.swift; path = SwiftUILearningUITestsLaunchTests.swift; sourceTree = "<group>"; };
/* End PBXFileReference section */

/* Begin PBXFrameworksBuildPhase section */
		D9A25E9B29F01B090069A722 /* Frameworks */ = {
			isa = PBXFrameworksBuildPhase;
			buildActionMask = 2147483647;
			files = (
			);
			runOnlyForDeploymentPostprocessing = 0;
		};
		D9A25EAC29F01B0A0069A722 /* Frameworks */ = {
			isa = PBXFrameworksBuildPhase;
			buildActionMask = 2147483647;
			files = (
			);
			runOnlyForDeploymentPostprocessing = 0;
		};
		D9A25EB629F01B0A0069A722 /* Frameworks */ = {
			isa = PBXFrameworksBuildPhase;
			buildActionMask = 2147483647;
			files = (
			);
			runOnlyForDeploymentPostprocessing = 0;
		};
/* End PBXFrameworksBuildPhase section */

/* Begin PBXGroup section */
		D9A25E9529F01B090069A722 = {
			isa = PBXGroup;
			children = (
				D9A25EA029F01B090069A722 /* SwiftUILearning */,
				D9A25EB229F01B0A0069A722 /* SwiftUILearningTests */,
				D9A25EBC29F01B0A0069A722 /* SwiftUILearningUITests */,
				D9A25E9F29F01B090069A722 /* Products */,
			);
			sourceTree = "<group>";
		};
		D9A25E9F29F01B090069A722 /* Products */ = {
			isa = PBXGroup;
			children = (
				D9A25E9E29F01B090069A722 /* SwiftUILearning.app */,
				D9A25EAF29F01B0A0069A722 /* SwiftUILearningTests.xctest */,
				D9A25EB929F01B0A0069A722 /* SwiftUILearningUITests.xctest */,
			);
			name = Products;
			sourceTree = "<group>";
		};
		D9A25EA029F01B090069A722 /* SwiftUILearning */ = {
			isa = PBXGroup;
			children = (
				D9A25EA129F01B090069A722 /* SwiftUILearningApp.swift */,
				D9A25EA329F01B090069A722 /* ContentView.swift */,
				D9A25EA529F01B0A0069A722 /* Assets.xcassets */,
				D9A25EA729F01B0A0069A722 /* SwiftUILearning.entitlements */,
				D9A25EA829F01B0A0069A722 /* Preview Content */,
			);
			path = SwiftUILearning;
			sourceTree = "<group>";
		};
		D9A25EA829F01B0A0069A722 /* Preview Content */ = {
			isa = PBXGroup;
			children = (
				D9A25EA929F01B0A0069A722 /* Preview Assets.xcassets */,
			);
			path = "Preview Content";
			sourceTree = "<group>";
		};
		D9A25EB229F01B0A0069A722 /* SwiftUILearningTests */ = {
			isa = PBXGroup;
			children = (
				D9A25EB329F01B0A0069A722 /* SwiftUILearningTests.swift */,
			);
			path = SwiftUILearningTests;
			sourceTree = "<group>";
		};
		D9A25EBC29F01B0A0069A722 /* SwiftUILearningUITests */ = {
			isa = PBXGroup;
			children = (
				D9A25EBD29F01B0A0069A722 /* SwiftUILearningUITests.swift */,
				D9A25EBF29F01B0A0069A722 /* SwiftUILearningUITestsLaunchTests.swift */,
			);
			path = SwiftUILearningUITests;
			sourceTree = "<group>";
		};
/* End PBXGroup section */

/* Begin PBXNativeTarget section */
		D9A25E9D29F01B090069A722 /* SwiftUILearning */ = {
			isa = PBXNativeTarget;
			buildConfigurationList = D9A25EC329F01B0A0069A722 /* Build configuration list for PBXNativeTarget "SwiftUILearning" */;
			buildPhases = (
				D9A25E9A29F01B090069A722 /* Sources */,
				D9A25E9B29F01B090069A722 /* Frameworks */,
				D9A25E9C29F01B090069A722 /* Resources */,
			);
			buildRules = (
			);
			dependencies = (
			);
			name = SwiftUILearning;
			productName = SwiftUILearning;
			productReference = D9A25E9E29F01B090069A722 /* SwiftUILearning.app */;
			productType = "com.apple.product-type.application";
		};
		D9A25EAE29F01B0A0069A722 /* SwiftUILearningTests */ = {
			isa = PBXNativeTarget;
			buildConfigurationList = D9A25EC629F01B0A0069A722 /* Build configuration list for PBXNativeTarget "SwiftUILearningTests" */;
			buildPhases = (
				D9A25EAB29F01B0A0069A722 /* Sources */,
				D9A25EAC29F01B0A0069A722 /* Frameworks */,
				D9A25EAD29F01B0A0069A722 /* Resources */,
			);
			buildRules = (
			);
			dependencies = (
				D9A25EB129F01B0A0069A722 /* PBXTargetDependency */,
			);
			name = SwiftUILearningTests;
			productName = SwiftUILearningTests;
			productReference = D9A25EAF29F01B0A0069A722 /* SwiftUILearningTests.xctest */;
			productType = "com.apple.product-type.bundle.unit-test";
		};
		D9A25EB829F01B0A0069A722 /* SwiftUILearningUITests */ = {
			isa = PBXNativeTarget;
			buildConfigurationList = D9A25EC929F01B0A0069A722 /* Build configuration list for PBXNativeTarget "SwiftUILearningUITests" */;
			buildPhases = (
				D9A25EB529F01B0A0069A722 /* Sources */,
				D9A25EB629F01B0A0069A722 /* Frameworks */,
				D9A25EB729F01B0A0069A722 /* Resources */,
			);
			buildRules = (
			);
			dependencies = (
				D9A25EBB29F01B0A0069A722 /* PBXTargetDependency */,
			);
			name = SwiftUILearningUITests;
			productName = SwiftUILearningUITests;
			productReference = D9A25EB929F01B0A0069A722 /* SwiftUILearningUITests.xctest */;
			productType = "com.apple.product-type.bundle.ui-testing";
		};
/* End PBXNativeTarget section */

/* Begin PBXProject section */
		D9A25E9629F01B090069A722 /* Project object */ = {
			isa = PBXProject;
			attributes = {
				BuildIndependentTargetsInParallel = 1;
				LastSwiftUpdateCheck = 1400;
				LastUpgradeCheck = 1400;
				TargetAttributes = {
					D9A25E9D29F01B090069A722 = {
						CreatedOnToolsVersion = 14.0.1;
					};
					D9A25EAE29F01B0A0069A722 = {
						CreatedOnToolsVersion = 14.0.1;
						TestTargetID = D9A25E9D29F01B090069A722;
					};
					D9A25EB829F01B0A0069A722 = {
						CreatedOnToolsVersion = 14.0.1;
						TestTargetID = D9A25E9D29F01B090069A722;
					};
				};
			};
			buildConfigurationList = D9A25E9929F01B090069A722 /* Build configuration list for PBXProject "SwiftUILearning" */;
			compatibilityVersion = "Xcode 14.0";
			developmentRegion = en;
			hasScannedForEncodings = 0;
			knownRegions = (
				en,
				Base,
			);
			mainGroup = D9A25E9529F01B090069A722;
			productRefGroup = D9A25E9F29F01B090069A722 /* Products */;
			projectDirPath = "";
			projectRoot = "";
			targets = (
				D9A25E9D29F01B090069A722 /* SwiftUILearning */,
				D9A25EAE29F01B0A0069A722 /* SwiftUILearningTests */,
				D9A25EB829F01B0A0069A722 /* SwiftUILearningUITests */,
			);
		};
/* End PBXProject section */

/* Begin PBXResourcesBuildPhase section */
		D9A25E9C29F01B090069A722 /* Resources */ = {
			isa = PBXResourcesBuildPhase;
			buildActionMask = 2147483647;
			files = (
				D9A25EAA29F01B0A0069A722 /* Preview Assets.xcassets in Resources */,
				D9A25EA629F01B0A0069A722 /* Assets.xcassets in Resources */,
			);
			runOnlyForDeploymentPostprocessing = 0;
		};
		D9A25EAD29F01B0A0069A722 /* Resources */ = {
			isa = PBXResourcesBuildPhase;
			buildActionMask = 2147483647;
			files = (
			);
			runOnlyForDeploymentPostprocessing = 0;
		};
		D9A25EB729F01B0A0069A722 /* Resources */ = {
			isa = PBXResourcesBuildPhase;
			buildActionMask = 2147483647;
			files = (
			);
			runOnlyForDeploymentPostprocessing = 0;
		};
/* End PBXResourcesBuildPhase section */

/* Begin PBXSourcesBuildPhase section */
		D9A25E9A29F01B090069A722 /* Sources */ = {
			isa = PBXSourcesBuildPhase;
			buildActionMask = 2147483647;
			files = (
				D9A25EA429F01B090069A722 /* ContentView.swift in Sources */,
				D9A25EA229F01B090069A722 /* SwiftUILearningApp.swift in Sources */,
			);
			runOnlyForDeploymentPostprocessing = 0;
		};
		D9A25EAB29F01B0A0069A722 /* Sources */ = {
			isa = PBXSourcesBuildPhase;
			buildActionMask = 2147483647;
			files = (
				D9A25EB429F01B0A0069A722 /* SwiftUILearningTests.swift in Sources */,
			);
			runOnlyForDeploymentPostprocessing = 0;
		};
		D9A25EB529F01B0A0069A722 /* Sources */ = {
			isa = PBXSourcesBuildPhase;
			buildActionMask = 2147483647;
			files = (
				D9A25EC029F01B0A0069A722 /* SwiftUILearningUITestsLaunchTests.swift in Sources */,
				D9A25EBE29F01B0A0069A722 /* SwiftUILearningUITests.swift in Sources */,
			);
			runOnlyForDeploymentPostprocessing = 0;
		};
/* End PBXSourcesBuildPhase section */

/* Begin PBXTargetDependency section */
		D9A25EB129F01B0A0069A722 /* PBXTargetDependency */ = {
			isa = PBXTargetDependency;
			target = D9A25E9D29F01B090069A722 /* SwiftUILearning */;
			targetProxy = D9A25EB029F01B0A0069A722 /* PBXContainerItemProxy */;
		};
		D9A25EBB29F01B0A0069A722 /* PBXTargetDependency */ = {
			isa = PBXTargetDependency;
			target = D9A25E9D29F01B090069A722 /* SwiftUILearning */;
			targetProxy = D9A25EBA29F01B0A0069A722 /* PBXContainerItemProxy */;
		};
/* End PBXTargetDependency section */

/* Begin XCBuildConfiguration section */
		D9A25EC129F01B0A0069A722 /* Debug */ = {
			isa = XCBuildConfiguration;
			buildSettings = {
				ALWAYS_SEARCH_USER_PATHS = NO;
				CLANG_ANALYZER_NONNULL = YES;
				CLANG_ANALYZER_NUMBER_OBJECT_CONVERSION = YES_AGGRESSIVE;
				CLANG_CXX_LANGUAGE_STANDARD = "gnu++20";
				CLANG_ENABLE_MODULES = YES;
				CLANG_ENABLE_OBJC_ARC = YES;
				CLANG_ENABLE_OBJC_WEAK = YES;
				CLANG_WARN_BLOCK_CAPTURE_AUTORELEASING = YES;
				CLANG_WARN_BOOL_CONVERSION = YES;
				CLANG_WARN_COMMA = YES;
				CLANG_WARN_CONSTANT_CONVERSION = YES;
				CLANG_WARN_DEPRECATED_OBJC_IMPLEMENTATIONS = YES;
				CLANG_WARN_DIRECT_OBJC_ISA_USAGE = YES_ERROR;
				CLANG_WARN_DOCUMENTATION_COMMENTS = YES;
				CLANG_WARN_EMPTY_BODY = YES;
				CLANG_WARN_ENUM_CONVERSION = YES;
				CLANG_WARN_INFINITE_RECURSION = YES;
				CLANG_WARN_INT_CONVERSION = YES;
				CLANG_WARN_NON_LITERAL_NULL_CONVERSION = YES;
				CLANG_WARN_OBJC_IMPLICIT_RETAIN_SELF = YES;
				CLANG_WARN_OBJC_LITERAL_CONVERSION = YES;
				CLANG_WARN_OBJC_ROOT_CLASS = YES_ERROR;
				CLANG_WARN_QUOTED_INCLUDE_IN_FRAMEWORK_HEADER = YES;
				CLANG_WARN_RANGE_LOOP_ANALYSIS = YES;
				CLANG_WARN_STRICT_PROTOTYPES = YES;
				CLANG_WARN_SUSPICIOUS_MOVE = YES;
				CLANG_WARN_UNGUARDED_AVAILABILITY = YES_AGGRESSIVE;
				CLANG_WARN_UNREACHABLE_CODE = YES;
				CLANG_WARN__DUPLICATE_METHOD_MATCH = YES;
				COPY_PHASE_STRIP = NO;
				DEBUG_INFORMATION_FORMAT = dwarf;
				ENABLE_STRICT_OBJC_MSGSEND = YES;
				ENABLE_TESTABILITY = YES;
				GCC_C_LANGUAGE_STANDARD = gnu11;
				GCC_DYNAMIC_NO_PIC = NO;
				GCC_NO_COMMON_BLOCKS = YES;
				GCC_OPTIMIZATION_LEVEL = 0;
				GCC_PREPROCESSOR_DEFINITIONS = (
					"DEBUG=1",
					"$(inherited)",
				);
				GCC_WARN_64_TO_32_BIT_CONVERSION = YES;
				GCC_WARN_ABOUT_RETURN_TYPE = YES_ERROR;
				GCC_WARN_UNDECLARED_SELECTOR = YES;
				GCC_WARN_UNINITIALIZED_AUTOS = YES_AGGRESSIVE;
				GCC_WARN_UNUSED_FUNCTION = YES;
				GCC_WARN_UNUSED_VARIABLE = YES;
				MTL_ENABLE_DEBUG_INFO = INCLUDE_SOURCE;
				MTL_FAST_MATH = YES;
				ONLY_ACTIVE_ARCH = YES;
				SWIFT_ACTIVE_COMPILATION_CONDITIONS = DEBUG;
				SWIFT_OPTIMIZATION_LEVEL = "-Onone";
			};
			name = Debug;
		};
		D9A25EC229F01B0A0069A722 /* Release */ = {
			isa = XCBuildConfiguration;
			buildSettings = {
				ALWAYS_SEARCH_USER_PATHS = NO;
				CLANG_ANALYZER_NONNULL = YES;
				CLANG_ANALYZER_NUMBER_OBJECT_CONVERSION = YES_AGGRESSIVE;
				CLANG_CXX_LANGUAGE_STANDARD = "gnu++20";
				CLANG_ENABLE_MODULES = YES;
				CLANG_ENABLE_OBJC_ARC = YES;
				CLANG_ENABLE_OBJC_WEAK = YES;
				CLANG_WARN_BLOCK_CAPTURE_AUTORELEASING = YES;
				CLANG_WARN_BOOL_CONVERSION = YES;
				CLANG_WARN_COMMA = YES;
				CLANG_WARN_CONSTANT_CONVERSION = YES;
				CLANG_WARN_DEPRECATED_OBJC_IMPLEMENTATIONS = YES;
				CLANG_WARN_DIRECT_OBJC_ISA_USAGE = YES_ERROR;
				CLANG_WARN_DOCUMENTATION_COMMENTS = YES;
				CLANG_WARN_EMPTY_BODY = YES;
				CLANG_WARN_ENUM_CONVERSION = YES;
				CLANG_WARN_INFINITE_RECURSION = YES;
				CLANG_WARN_INT_CONVERSION = YES;
				CLANG_WARN_NON_LITERAL_NULL_CONVERSION = YES;
				CLANG_WARN_OBJC_IMPLICIT_RETAIN_SELF = YES;
				CLANG_WARN_OBJC_LITERAL_CONVERSION = YES;
				CLANG_WARN_OBJC_ROOT_CLASS = YES_ERROR;
				CLANG_WARN_QUOTED_INCLUDE_IN_FRAMEWORK_HEADER = YES;
				CLANG_WARN_RANGE_LOOP_ANALYSIS = YES;
				CLANG_WARN_STRICT_PROTOTYPES = YES;
				CLANG_WARN_SUSPICIOUS_MOVE = YES;
				CLANG_WARN_UNGUARDED_AVAILABILITY = YES_AGGRESSIVE;
				CLANG_WARN_UNREACHABLE_CODE = YES;
				CLANG_WARN__DUPLICATE_METHOD_MATCH = YES;
				COPY_PHASE_STRIP = NO;
				DEBUG_INFORMATION_FORMAT = "dwarf-with-dsym";
				ENABLE_NS_ASSERTIONS = NO;
				ENABLE_STRICT_OBJC_MSGSEND = YES;
				GCC_C_LANGUAGE_STANDARD = gnu11;
				GCC_NO_COMMON_BLOCKS = YES;
				GCC_WARN_64_TO_32_BIT_CONVERSION = YES;
				GCC_WARN_ABOUT_RETURN_TYPE = YES_ERROR;
				GCC_WARN_UNDECLARED_SELECTOR = YES;
				GCC_WARN_UNINITIALIZED_AUTOS = YES_AGGRESSIVE;
				GCC_WARN_UNUSED_FUNCTION = YES;
				GCC_WARN_UNUSED_VARIABLE = YES;
				MTL_ENABLE_DEBUG_INFO = NO;
				MTL_FAST_MATH = YES;
				SWIFT_COMPILATION_MODE = wholemodule;
				SWIFT_OPTIMIZATION_LEVEL = "-O";
			};
			name = Release;
		};
		D9A25EC429F01B0A0069A722 /* Debug */ = {
			isa = XCBuildConfiguration;
			buildSettings = {
				ASSETCATALOG_COMPILER_APPICON_NAME = AppIcon;
				ASSETCATALOG_COMPILER_GLOBAL_ACCENT_COLOR_NAME = AccentColor;
				CODE_SIGN_ENTITLEMENTS = SwiftUILearning/SwiftUILearning.entitlements;
				CODE_SIGN_STYLE = Automatic;
				CURRENT_PROJECT_VERSION = 1;
				DEVELOPMENT_ASSET_PATHS = "\"SwiftUILearning/Preview Content\"";
				ENABLE_PREVIEWS = YES;
				GENERATE_INFOPLIST_FILE = YES;
				"INFOPLIST_KEY_UIApplicationSceneManifest_Generation[sdk=iphoneos*]" = YES;
				"INFOPLIST_KEY_UIApplicationSceneManifest_Generation[sdk=iphonesimulator*]" = YES;
				"INFOPLIST_KEY_UIApplicationSupportsIndirectInputEvents[sdk=iphoneos*]" = YES;
				"INFOPLIST_KEY_UIApplicationSupportsIndirectInputEvents[sdk=iphonesimulator*]" = YES;
				"INFOPLIST_KEY_UILaunchScreen_Generation[sdk=iphoneos*]" = YES;
				"INFOPLIST_KEY_UILaunchScreen_Generation[sdk=iphonesimulator*]" = YES;
				"INFOPLIST_KEY_UIStatusBarStyle[sdk=iphoneos*]" = UIStatusBarStyleDefault;
				"INFOPLIST_KEY_UIStatusBarStyle[sdk=iphonesimulator*]" = UIStatusBarStyleDefault;
				INFOPLIST_KEY_UISupportedInterfaceOrientations_iPad = "UIInterfaceOrientationPortrait UIInterfaceOrientationPortraitUpsideDown UIInterfaceOrientationLandscapeLeft UIInterfaceOrientationLandscapeRight";
				INFOPLIST_KEY_UISupportedInterfaceOrientations_iPhone = "UIInterfaceOrientationPortrait UIInterfaceOrientationLandscapeLeft UIInterfaceOrientationLandscapeRight";
				IPHONEOS_DEPLOYMENT_TARGET = 16.0;
				LD_RUNPATH_SEARCH_PATHS = "@executable_path/Frameworks";
				"LD_RUNPATH_SEARCH_PATHS[sdk=macosx*]" = "@executable_path/../Frameworks";
				MACOSX_DEPLOYMENT_TARGET = 12.3;
				MARKETING_VERSION = 1.0;
				PRODUCT_BUNDLE_IDENTIFIER = test.SwiftUILearning;
				PRODUCT_NAME = "$(TARGET_NAME)";
				SDKROOT = auto;
				SUPPORTED_PLATFORMS = "iphoneos iphonesimulator macosx";
				SWIFT_EMIT_LOC_STRINGS = YES;
				SWIFT_VERSION = 5.0;
				TARGETED_DEVICE_FAMILY = "1,2";
			};
			name = Debug;
		};
		D9A25EC529F01B0A0069A722 /* Release */ = {
			isa = XCBuildConfiguration;
			buildSettings = {
				ASSETCATALOG_COMPILER_APPICON_NAME = AppIcon;
				ASSETCATALOG_COMPILER_GLOBAL_ACCENT_COLOR_NAME = AccentColor;
				CODE_SIGN_ENTITLEMENTS = SwiftUILearning/SwiftUILearning.entitlements;
				CODE_SIGN_STYLE = Automatic;
				CURRENT_PROJECT_VERSION = 1;
				DEVELOPMENT_ASSET_PATHS = "\"SwiftUILearning/Preview Content\"";
				ENABLE_PREVIEWS = YES;
				GENERATE_INFOPLIST_FILE = YES;
				"INFOPLIST_KEY_UIApplicationSceneManifest_Generation[sdk=iphoneos*]" = YES;
				"INFOPLIST_KEY_UIApplicationSceneManifest_Generation[sdk=iphonesimulator*]" = YES;
				"INFOPLIST_KEY_UIApplicationSupportsIndirectInputEvents[sdk=iphoneos*]" = YES;
				"INFOPLIST_KEY_UIApplicationSupportsIndirectInputEvents[sdk=iphonesimulator*]" = YES;
				"INFOPLIST_KEY_UILaunchScreen_Generation[sdk=iphoneos*]" = YES;
				"INFOPLIST_KEY_UILaunchScreen_Generation[sdk=iphonesimulator*]" = YES;
				"INFOPLIST_KEY_UIStatusBarStyle[sdk=iphoneos*]" = UIStatusBarStyleDefault;
				"INFOPLIST_KEY_UIStatusBarStyle[sdk=iphonesimulator*]" = UIStatusBarStyleDefault;
				INFOPLIST_KEY_UISupportedInterfaceOrientations_iPad = "UIInterfaceOrientationPortrait UIInterfaceOrientationPortraitUpsideDown UIInterfaceOrientationLandscapeLeft UIInterfaceOrientationLandscapeRight";
				INFOPLIST_KEY_UISupportedInterfaceOrientations_iPhone = "UIInterfaceOrientationPortrait UIInterfaceOrientationLandscapeLeft UIInterfaceOrientationLandscapeRight";
				IPHONEOS_DEPLOYMENT_TARGET = 16.0;
				LD_RUNPATH_SEARCH_PATHS = "@executable_path/Frameworks";
				"LD_RUNPATH_SEARCH_PATHS[sdk=macosx*]" = "@executable_path/../Frameworks";
				MACOSX_DEPLOYMENT_TARGET = 12.3;
				MARKETING_VERSION = 1.0;
				PRODUCT_BUNDLE_IDENTIFIER = test.SwiftUILearning;
				PRODUCT_NAME = "$(TARGET_NAME)";
				SDKROOT = auto;
				SUPPORTED_PLATFORMS = "iphoneos iphonesimulator macosx";
				SWIFT_EMIT_LOC_STRINGS = YES;
				SWIFT_VERSION = 5.0;
				TARGETED_DEVICE_FAMILY = "1,2";
			};
			name = Release;
		};
		D9A25EC729F01B0A0069A722 /* Debug */ = {
			isa = XCBuildConfiguration;
			buildSettings = {
				ALWAYS_EMBED_SWIFT_STANDARD_LIBRARIES = YES;
				BUNDLE_LOADER = "$(TEST_HOST)";
				CODE_SIGN_STYLE = Automatic;
				CURRENT_PROJECT_VERSION = 1;
				GENERATE_INFOPLIST_FILE = YES;
				IPHONEOS_DEPLOYMENT_TARGET = 16.0;
				MACOSX_DEPLOYMENT_TARGET = 12.3;
				MARKETING_VERSION = 1.0;
				PRODUCT_BUNDLE_IDENTIFIER = test.SwiftUILearningTests;
				PRODUCT_NAME = "$(TARGET_NAME)";
				SDKROOT = auto;
				SUPPORTED_PLATFORMS = "iphoneos iphonesimulator macosx";
				SWIFT_EMIT_LOC_STRINGS = NO;
				SWIFT_VERSION = 5.0;
				TARGETED_DEVICE_FAMILY = "1,2";
				TEST_HOST = "$(BUILT_PRODUCTS_DIR)/SwiftUILearning.app/$(BUNDLE_EXECUTABLE_FOLDER_PATH)/SwiftUILearning";
			};
			name = Debug;
		};
		D9A25EC829F01B0A0069A722 /* Release */ = {
			isa = XCBuildConfiguration;
			buildSettings = {
				ALWAYS_EMBED_SWIFT_STANDARD_LIBRARIES = YES;
				BUNDLE_LOADER = "$(TEST_HOST)";
				CODE_SIGN_STYLE = Automatic;
				CURRENT_PROJECT_VERSION = 1;
				GENERATE_INFOPLIST_FILE = YES;
				IPHONEOS_DEPLOYMENT_TARGET = 16.0;
				MACOSX_DEPLOYMENT_TARGET = 12.3;
				MARKETING_VERSION = 1.0;
				PRODUCT_BUNDLE_IDENTIFIER = test.SwiftUILearningTests;
				PRODUCT_NAME = "$(TARGET_NAME)";
				SDKROOT = auto;
				SUPPORTED_PLATFORMS = "iphoneos iphonesimulator macosx";
				SWIFT_EMIT_LOC_STRINGS = NO;
				SWIFT_VERSION = 5.0;
				TARGETED_DEVICE_FAMILY = "1,2";
				TEST_HOST = "$(BUILT_PRODUCTS_DIR)/SwiftUILearning.app/$(BUNDLE_EXECUTABLE_FOLDER_PATH)/SwiftUILearning";
			};
			name = Release;
		};
		D9A25ECA29F01B0A0069A722 /* Debug */ = {
			isa = XCBuildConfiguration;
			buildSettings = {
				ALWAYS_EMBED_SWIFT_STANDARD_LIBRARIES = YES;
				CODE_SIGN_STYLE = Automatic;
				CURRENT_PROJECT_VERSION = 1;
				GENERATE_INFOPLIST_FILE = YES;
				IPHONEOS_DEPLOYMENT_TARGET = 16.0;
				MACOSX_DEPLOYMENT_TARGET = 12.3;
				MARKETING_VERSION = 1.0;
				PRODUCT_BUNDLE_IDENTIFIER = test.SwiftUILearningUITests;
				PRODUCT_NAME = "$(TARGET_NAME)";
				SDKROOT = auto;
				SUPPORTED_PLATFORMS = "iphoneos iphonesimulator macosx";
				SWIFT_EMIT_LOC_STRINGS = NO;
				SWIFT_VERSION = 5.0;
				TARGETED_DEVICE_FAMILY = "1,2";
				TEST_TARGET_NAME = SwiftUILearning;
			};
			name = Debug;
		};
		D9A25ECB29F01B0A0069A722 /* Release */ = {
			isa = XCBuildConfiguration;
			buildSettings = {
				ALWAYS_EMBED_SWIFT_STANDARD_LIBRARIES = YES;
				CODE_SIGN_STYLE = Automatic;
				CURRENT_PROJECT_VERSION = 1;
				GENERATE_INFOPLIST_FILE = YES;
				IPHONEOS_DEPLOYMENT_TARGET = 16.0;
				MACOSX_DEPLOYMENT_TARGET = 12.3;
				MARKETING_VERSION = 1.0;
				PRODUCT_BUNDLE_IDENTIFIER = test.SwiftUILearningUITests;
				PRODUCT_NAME = "$(TARGET_NAME)";
				SDKROOT = auto;
				SUPPORTED_PLATFORMS = "iphoneos iphonesimulator macosx";
				SWIFT_EMIT_LOC_STRINGS = NO;
				SWIFT_VERSION = 5.0;
				TARGETED_DEVICE_FAMILY = "1,2";
				TEST_TARGET_NAME = SwiftUILearning;
			};
			name = Release;
		};
/* End XCBuildConfiguration section */

/* Begin XCConfigurationList section */
		D9A25E9929F01B090069A722 /* Build configuration list for PBXProject "SwiftUILearning" */ = {
			isa = XCConfigurationList;
			buildConfigurations = (
				D9A25EC129F01B0A0069A722 /* Debug */,
				D9A25EC229F01B0A0069A722 /* Release */,
			);
			defaultConfigurationIsVisible = 0;
			defaultConfigurationName = Release;
		};
		D9A25EC329F01B0A0069A722 /* Build configuration list for PBXNativeTarget "SwiftUILearning" */ = {
			isa = XCConfigurationList;
			buildConfigurations = (
				D9A25EC429F01B0A0069A722 /* Debug */,
				D9A25EC529F01B0A0069A722 /* Release */,
			);
			defaultConfigurationIsVisible = 0;
			defaultConfigurationName = Release;
		};
		D9A25EC629F01B0A0069A722 /* Build configuration list for PBXNativeTarget "SwiftUILearningTests" */ = {
			isa = XCConfigurationList;
			buildConfigurations = (
				D9A25EC729F01B0A0069A722 /* Debug */,
				D9A25EC829F01B0A0069A722 /* Release */,
			);
			defaultConfigurationIsVisible = 0;
			defaultConfigurationName = Release;
		};
		D9A25EC929F01B0A0069A722 /* Build configuration list for PBXNativeTarget "SwiftUILearningUITests" */ = {
			isa = XCConfigurationList;
			buildConfigurations = (
				D9A25ECA29F01B0A0069A722 /* Debug */,
				D9A25ECB29F01B0A0069A722 /* Release */,
			);
			defaultConfigurationIsVisible = 0;
			defaultConfigurationName = Release;
		};
/* End XCConfigurationList section */
	};
	rootObject = D9A25E9629F01B090069A722 /* Project object */;
}
